// !$*UTF8*$!
{
	archiveVersion = 1;
	classes = {
	};
	objectVersion = 46;
	objects = {

/* Begin PBXBuildFile section */
		33778CA11DEE9A7B000CB73D /* main.m in Sources */ = {isa = PBXBuildFile; fileRef = 33778CA01DEE9A7B000CB73D /* main.m */; };
		33778CA41DEE9A7B000CB73D /* AppDelegate.m in Sources */ = {isa = PBXBuildFile; fileRef = 33778CA31DEE9A7B000CB73D /* AppDelegate.m */; };
		33778CA71DEE9A7B000CB73D /* ViewController.m in Sources */ = {isa = PBXBuildFile; fileRef = 33778CA61DEE9A7B000CB73D /* ViewController.m */; };
		33778CAA1DEE9A7B000CB73D /* Main.storyboard in Resources */ = {isa = PBXBuildFile; fileRef = 33778CA81DEE9A7B000CB73D /* Main.storyboard */; };
		33778CAC1DEE9A7B000CB73D /* Assets.xcassets in Resources */ = {isa = PBXBuildFile; fileRef = 33778CAB1DEE9A7B000CB73D /* Assets.xcassets */; };
		33778CAF1DEE9A7B000CB73D /* LaunchScreen.storyboard in Resources */ = {isa = PBXBuildFile; fileRef = 33778CAD1DEE9A7B000CB73D /* LaunchScreen.storyboard */; };
		33778CB81DEE9A89000CB73D /* SecViewController.m in Sources */ = {isa = PBXBuildFile; fileRef = 33778CB71DEE9A89000CB73D /* SecViewController.m */; };
		8F268A843F09DB343C77194B /* libPods-testRACDemo.a in Frameworks */ = {isa = PBXBuildFile; fileRef = 21FD090DF29827FE8B420CBB /* libPods-testRACDemo.a */; };
/* End PBXBuildFile section */

/* Begin PBXFileReference section */
		21328BE8E19BF5AAAB355389 /* Pods-testRACDemo.release.xcconfig */ = {isa = PBXFileReference; includeInIndex = 1; lastKnownFileType = text.xcconfig; name = "Pods-testRACDemo.release.xcconfig"; path = "Pods/Target Support Files/Pods-testRACDemo/Pods-testRACDemo.release.xcconfig"; sourceTree = "<group>"; };
		21FD090DF29827FE8B420CBB /* libPods-testRACDemo.a */ = {isa = PBXFileReference; explicitFileType = archive.ar; includeInIndex = 0; path = "libPods-testRACDemo.a"; sourceTree = BUILT_PRODUCTS_DIR; };
		33778C9C1DEE9A7B000CB73D /* testRACDemo.app */ = {isa = PBXFileReference; explicitFileType = wrapper.application; includeInIndex = 0; path = testRACDemo.app; sourceTree = BUILT_PRODUCTS_DIR; };
		33778CA01DEE9A7B000CB73D /* main.m */ = {isa = PBXFileReference; lastKnownFileType = sourcecode.c.objc; path = main.m; sourceTree = "<group>"; };
		33778CA21DEE9A7B000CB73D /* AppDelegate.h */ = {isa = PBXFileReference; lastKnownFileType = sourcecode.c.h; path = AppDelegate.h; sourceTree = "<group>"; };
		33778CA31DEE9A7B000CB73D /* AppDelegate.m */ = {isa = PBXFileReference; lastKnownFileType = sourcecode.c.objc; path = AppDelegate.m; sourceTree = "<group>"; };
		33778CA51DEE9A7B000CB73D /* ViewController.h */ = {isa = PBXFileReference; lastKnownFileType = sourcecode.c.h; path = ViewController.h; sourceTree = "<group>"; };
		33778CA61DEE9A7B000CB73D /* ViewController.m */ = {isa = PBXFileReference; lastKnownFileType = sourcecode.c.objc; path = ViewController.m; sourceTree = "<group>"; };
		33778CA91DEE9A7B000CB73D /* Base */ = {isa = PBXFileReference; lastKnownFileType = file.storyboard; name = Base; path = Base.lproj/Main.storyboard; sourceTree = "<group>"; };
		33778CAB1DEE9A7B000CB73D /* Assets.xcassets */ = {isa = PBXFileReference; lastKnownFileType = folder.assetcatalog; path = Assets.xcassets; sourceTree = "<group>"; };
		33778CAE1DEE9A7B000CB73D /* Base */ = {isa = PBXFileReference; lastKnownFileType = file.storyboard; name = Base; path = Base.lproj/LaunchScreen.storyboard; sourceTree = "<group>"; };
		33778CB01DEE9A7B000CB73D /* Info.plist */ = {isa = PBXFileReference; lastKnownFileType = text.plist.xml; path = Info.plist; sourceTree = "<group>"; };
		33778CB61DEE9A89000CB73D /* SecViewController.h */ = {isa = PBXFileReference; fileEncoding = 4; lastKnownFileType = sourcecode.c.h; path = SecViewController.h; sourceTree = "<group>"; };
		33778CB71DEE9A89000CB73D /* SecViewController.m */ = {isa = PBXFileReference; fileEncoding = 4; lastKnownFileType = sourcecode.c.objc; path = SecViewController.m; sourceTree = "<group>"; };
		9C5B4A1CC8C645A87CFA3B7A /* Pods-testRACDemo.debug.xcconfig */ = {isa = PBXFileReference; includeInIndex = 1; lastKnownFileType = text.xcconfig; name = "Pods-testRACDemo.debug.xcconfig"; path = "Pods/Target Support Files/Pods-testRACDemo/Pods-testRACDemo.debug.xcconfig"; sourceTree = "<group>"; };
/* End PBXFileReference section */

/* Begin PBXFrameworksBuildPhase section */
		33778C991DEE9A7B000CB73D /* Frameworks */ = {
			isa = PBXFrameworksBuildPhase;
			buildActionMask = 2147483647;
			files = (
				8F268A843F09DB343C77194B /* libPods-testRACDemo.a in Frameworks */,
			);
			runOnlyForDeploymentPostprocessing = 0;
		};
/* End PBXFrameworksBuildPhase section */

/* Begin PBXGroup section */
		33778C931DEE9A7B000CB73D = {
			isa = PBXGroup;
			children = (
				33778C9E1DEE9A7B000CB73D /* testRACDemo */,
				33778C9D1DEE9A7B000CB73D /* Products */,
				E8A8EE0534A2F268E9668C77 /* Pods */,
				B0F7C6154D97F68C913FB35F /* Frameworks */,
			);
			sourceTree = "<group>";
		};
		33778C9D1DEE9A7B000CB73D /* Products */ = {
			isa = PBXGroup;
			children = (
				33778C9C1DEE9A7B000CB73D /* testRACDemo.app */,
			);
			name = Products;
			sourceTree = "<group>";
		};
		33778C9E1DEE9A7B000CB73D /* testRACDemo */ = {
			isa = PBXGroup;
			children = (
				33778CA21DEE9A7B000CB73D /* AppDelegate.h */,
				33778CA31DEE9A7B000CB73D /* AppDelegate.m */,
				33778CA51DEE9A7B000CB73D /* ViewController.h */,
				33778CA61DEE9A7B000CB73D /* ViewController.m */,
				33778CB61DEE9A89000CB73D /* SecViewController.h */,
				33778CB71DEE9A89000CB73D /* SecViewController.m */,
				33778CA81DEE9A7B000CB73D /* Main.storyboard */,
				33778CAB1DEE9A7B000CB73D /* Assets.xcassets */,
				33778CAD1DEE9A7B000CB73D /* LaunchScreen.storyboard */,
				33778CB01DEE9A7B000CB73D /* Info.plist */,
				33778C9F1DEE9A7B000CB73D /* Supporting Files */,
			);
			path = testRACDemo;
			sourceTree = "<group>";
		};
		33778C9F1DEE9A7B000CB73D /* Supporting Files */ = {
			isa = PBXGroup;
			children = (
				33778CA01DEE9A7B000CB73D /* main.m */,
			);
			name = "Supporting Files";
			sourceTree = "<group>";
		};
		B0F7C6154D97F68C913FB35F /* Frameworks */ = {
			isa = PBXGroup;
			children = (
				21FD090DF29827FE8B420CBB /* libPods-testRACDemo.a */,
			);
			name = Frameworks;
			sourceTree = "<group>";
		};
		E8A8EE0534A2F268E9668C77 /* Pods */ = {
			isa = PBXGroup;
			children = (
				9C5B4A1CC8C645A87CFA3B7A /* Pods-testRACDemo.debug.xcconfig */,
				21328BE8E19BF5AAAB355389 /* Pods-testRACDemo.release.xcconfig */,
			);
			name = Pods;
			sourceTree = "<group>";
		};
/* End PBXGroup section */

/* Begin PBXNativeTarget section */
		33778C9B1DEE9A7B000CB73D /* testRACDemo */ = {
			isa = PBXNativeTarget;
			buildConfigurationList = 33778CB31DEE9A7B000CB73D /* Build configuration list for PBXNativeTarget "testRACDemo" */;
			buildPhases = (
				01C4B31095A4A725C540CA1B /* [CP] Check Pods Manifest.lock */,
				33778C981DEE9A7B000CB73D /* Sources */,
				33778C991DEE9A7B000CB73D /* Frameworks */,
				33778C9A1DEE9A7B000CB73D /* Resources */,
				272DAC84D555F275C6F64907 /* [CP] Embed Pods Frameworks */,
				169589B621FC43FEEC12D323 /* [CP] Copy Pods Resources */,
			);
			buildRules = (
			);
			dependencies = (
			);
			name = testRACDemo;
			productName = testRACDemo;
			productReference = 33778C9C1DEE9A7B000CB73D /* testRACDemo.app */;
			productType = "com.apple.product-type.application";
		};
/* End PBXNativeTarget section */

/* Begin PBXProject section */
		33778C941DEE9A7B000CB73D /* Project object */ = {
			isa = PBXProject;
			attributes = {
				LastUpgradeCheck = 0800;
				ORGANIZATIONNAME = com.tb;
				TargetAttributes = {
					33778C9B1DEE9A7B000CB73D = {
						CreatedOnToolsVersion = 8.0;
						ProvisioningStyle = Automatic;
					};
				};
			};
			buildConfigurationList = 33778C971DEE9A7B000CB73D /* Build configuration list for PBXProject "testRACDemo" */;
			compatibilityVersion = "Xcode 3.2";
			developmentRegion = English;
			hasScannedForEncodings = 0;
			knownRegions = (
				en,
				Base,
			);
			mainGroup = 33778C931DEE9A7B000CB73D;
			productRefGroup = 33778C9D1DEE9A7B000CB73D /* Products */;
			projectDirPath = "";
			projectRoot = "";
			targets = (
				33778C9B1DEE9A7B000CB73D /* testRACDemo */,
			);
		};
/* End PBXProject section */

/* Begin PBXResourcesBuildPhase section */
		33778C9A1DEE9A7B000CB73D /* Resources */ = {
			isa = PBXResourcesBuildPhase;
			buildActionMask = 2147483647;
			files = (
				33778CAF1DEE9A7B000CB73D /* LaunchScreen.storyboard in Resources */,
				33778CAC1DEE9A7B000CB73D /* Assets.xcassets in Resources */,
				33778CAA1DEE9A7B000CB73D /* Main.storyboard in Resources */,
			);
			runOnlyForDeploymentPostprocessing = 0;
		};
/* End PBXResourcesBuildPhase section */

/* Begin PBXShellScriptBuildPhase section */
		01C4B31095A4A725C540CA1B /* [CP] Check Pods Manifest.lock */ = {
			isa = PBXShellScriptBuildPhase;
			buildActionMask = 2147483647;
			files = (
			);
			inputPaths = (
			);
			name = "[CP] Check Pods Manifest.lock";
			outputPaths = (
			);
			runOnlyForDeploymentPostprocessing = 0;
			shellPath = /bin/sh;
			shellScript = "diff \"${PODS_ROOT}/../Podfile.lock\" \"${PODS_ROOT}/Manifest.lock\" > /dev/null\nif [ $? != 0 ] ; then\n    # print error to STDERR\n    echo \"error: The sandbox is not in sync with the Podfile.lock. Run 'pod install' or update your CocoaPods installation.\" >&2\n    exit 1\nfi\n";
			showEnvVarsInLog = 0;
		};
		169589B621FC43FEEC12D323 /* [CP] Copy Pods Resources */ = {
			isa = PBXShellScriptBuildPhase;
			buildActionMask = 2147483647;
			files = (
			);
			inputPaths = (
			);
			name = "[CP] Copy Pods Resources";
			outputPaths = (
			);
			runOnlyForDeploymentPostprocessing = 0;
			shellPath = /bin/sh;
			shellScript = "\"${SRCROOT}/Pods/Target Support Files/Pods-testRACDemo/Pods-testRACDemo-resources.sh\"\n";
			showEnvVarsInLog = 0;
		};
		272DAC84D555F275C6F64907 /* [CP] Embed Pods Frameworks */ = {
			isa = PBXShellScriptBuildPhase;
			buildActionMask = 2147483647;
			files = (
			);
			inputPaths = (
			);
			name = "[CP] Embed Pods Frameworks";
			outputPaths = (
			);
			runOnlyForDeploymentPostprocessing = 0;
			shellPath = /bin/sh;
			shellScript = "\"${SRCROOT}/Pods/Target Support Files/Pods-testRACDemo/Pods-testRACDemo-frameworks.sh\"\n";
			showEnvVarsInLog = 0;
		};
/* End PBXShellScriptBuildPhase section */

/* Begin PBXSourcesBuildPhase section */
		33778C981DEE9A7B000CB73D /* Sources */ = {
			isa = PBXSourcesBuildPhase;
			buildActionMask = 2147483647;
			files = (
				33778CB81DEE9A89000CB73D /* SecViewController.m in Sources */,
				33778CA71DEE9A7B000CB73D /* ViewController.m in Sources */,
				33778CA41DEE9A7B000CB73D /* AppDelegate.m in Sources */,
				33778CA11DEE9A7B000CB73D /* main.m in Sources */,
			);
			runOnlyForDeploymentPostprocessing = 0;
		};
/* End PBXSourcesBuildPhase section */

/* Begin PBXVariantGroup section */
		33778CA81DEE9A7B000CB73D /* Main.storyboard */ = {
			isa = PBXVariantGroup;
			children = (
				33778CA91DEE9A7B000CB73D /* Base */,
			);
			name = Main.storyboard;
			sourceTree = "<group>";
		};
		33778CAD1DEE9A7B000CB73D /* LaunchScreen.storyboard */ = {
			isa = PBXVariantGroup;
			children = (
				33778CAE1DEE9A7B000CB73D /* Base */,
			);
			name = LaunchScreen.storyboard;
			sourceTree = "<group>";
		};
/* End PBXVariantGroup section */

/* Begin XCBuildConfiguration section */
		33778CB11DEE9A7B000CB73D /* Debug */ = {
			isa = XCBuildConfiguration;
			buildSettings = {
				ALWAYS_SEARCH_USER_PATHS = NO;
				CLANG_ANALYZER_NONNULL = YES;
				CLANG_CXX_LANGUAGE_STANDARD = "gnu++0x";
				CLANG_CXX_LIBRARY = "libc++";
				CLANG_ENABLE_MODULES = YES;
				CLANG_ENABLE_OBJC_ARC = YES;
				CLANG_WARN_BOOL_CONVERSION = YES;
				CLANG_WARN_CONSTANT_CONVERSION = YES;
				CLANG_WARN_DIRECT_OBJC_ISA_USAGE = YES_ERROR;
				CLANG_WARN_DOCUMENTATION_COMMENTS = YES;
				CLANG_WARN_EMPTY_BODY = YES;
				CLANG_WARN_ENUM_CONVERSION = YES;
				CLANG_WARN_INFINITE_RECURSION = YES;
				CLANG_WARN_INT_CONVERSION = YES;
				CLANG_WARN_OBJC_ROOT_CLASS = YES_ERROR;
				CLANG_WARN_SUSPICIOUS_MOVES = YES;
				CLANG_WARN_UNREACHABLE_CODE = YES;
				CLANG_WARN__DUPLICATE_METHOD_MATCH = YES;
				"CODE_SIGN_IDENTITY[sdk=iphoneos*]" = "iPhone Developer";
				COPY_PHASE_STRIP = NO;
				DEBUG_INFORMATION_FORMAT = dwarf;
				ENABLE_STRICT_OBJC_MSGSEND = YES;
				ENABLE_TESTABILITY = YES;
				GCC_C_LANGUAGE_STANDARD = gnu99;
				GCC_DYNAMIC_NO_PIC = NO;
				GCC_NO_COMMON_BLOCKS = YES;
				GCC_OPTIMIZATION_LEVEL = 0;
				GCC_PREPROCESSOR_DEFINITIONS = (
					"DEBUG=1",
					"$(inherited)",
				);
				GCC_WARN_64_TO_32_BIT_CONVERSION = YES;
				GCC_WARN_ABOUT_RETURN_TYPE = YES_ERROR;
				GCC_WARN_UNDECLARED_SELECTOR = YES;
				GCC_WARN_UNINITIALIZED_AUTOS = YES_AGGRESSIVE;
				GCC_WARN_UNUSED_FUNCTION = YES;
				GCC_WARN_UNUSED_VARIABLE = YES;
				IPHONEOS_DEPLOYMENT_TARGET = 10.0;
				MTL_ENABLE_DEBUG_INFO = YES;
				ONLY_ACTIVE_ARCH = YES;
				SDKROOT = iphoneos;
			};
			name = Debug;
		};
		33778CB21DEE9A7B000CB73D /* Release */ = {
			isa = XCBuildConfiguration;
			buildSettings = {
				ALWAYS_SEARCH_USER_PATHS = NO;
				CLANG_ANALYZER_NONNULL = YES;
				CLANG_CXX_LANGUAGE_STANDARD = "gnu++0x";
				CLANG_CXX_LIBRARY = "libc++";
				CLANG_ENABLE_MODULES = YES;
				CLANG_ENABLE_OBJC_ARC = YES;
				CLANG_WARN_BOOL_CONVERSION = YES;
				CLANG_WARN_CONSTANT_CONVERSION = YES;
				CLANG_WARN_DIRECT_OBJC_ISA_USAGE = YES_ERROR;
				CLANG_WARN_DOCUMENTATION_COMMENTS = YES;
				CLANG_WARN_EMPTY_BODY = YES;
				CLANG_WARN_ENUM_CONVERSION = YES;
				CLANG_WARN_INFINITE_RECURSION = YES;
				CLANG_WARN_INT_CONVERSION = YES;
				CLANG_WARN_OBJC_ROOT_CLASS = YES_ERROR;
				CLANG_WARN_SUSPICIOUS_MOVES = YES;
				CLANG_WARN_UNREACHABLE_CODE = YES;
				CLANG_WARN__DUPLICATE_METHOD_MATCH = YES;
				"CODE_SIGN_IDENTITY[sdk=iphoneos*]" = "iPhone Developer";
				COPY_PHASE_STRIP = NO;
				DEBUG_INFORMATION_FORMAT = "dwarf-with-dsym";
				ENABLE_NS_ASSERTIONS = NO;
				ENABLE_STRICT_OBJC_MSGSEND = YES;
				GCC_C_LANGUAGE_STANDARD = gnu99;
				GCC_NO_COMMON_BLOCKS = YES;
				GCC_WARN_64_TO_32_BIT_CONVERSION = YES;
				GCC_WARN_ABOUT_RETURN_TYPE = YES_ERROR;
				GCC_WARN_UNDECLARED_SELECTOR = YES;
				GCC_WARN_UNINITIALIZED_AUTOS = YES_AGGRESSIVE;
				GCC_WARN_UNUSED_FUNCTION = YES;
				GCC_WARN_UNUSED_VARIABLE = YES;
				IPHONEOS_DEPLOYMENT_TARGET = 10.0;
				MTL_ENABLE_DEBUG_INFO = NO;
				SDKROOT = iphoneos;
				VALIDATE_PRODUCT = YES;
			};
			name = Release;
		};
		33778CB41DEE9A7B000CB73D /* Debug */ = {
			isa = XCBuildConfiguration;
			baseConfigurationReference = 9C5B4A1CC8C645A87CFA3B7A /* Pods-testRACDemo.debug.xcconfig */;
			buildSettings = {
				ASSETCATALOG_COMPILER_APPICON_NAME = AppIcon;
				INFOPLIST_FILE = testRACDemo/Info.plist;
				LD_RUNPATH_SEARCH_PATHS = "$(inherited) @executable_path/Frameworks";
				PRODUCT_BUNDLE_IDENTIFIER = com.tb.testRACDemo;
				PRODUCT_NAME = "$(TARGET_NAME)";
			};
			name = Debug;
		};
		33778CB51DEE9A7B000CB73D /* Release */ = {
			isa = XCBuildConfiguration;
			baseConfigurationReference = 21328BE8E19BF5AAAB355389 /* Pods-testRACDemo.release.xcconfig */;
			buildSettings = {
				ASSETCATALOG_COMPILER_APPICON_NAME = AppIcon;
				INFOPLIST_FILE = testRACDemo/Info.plist;
				LD_RUNPATH_SEARCH_PATHS = "$(inherited) @executable_path/Frameworks";
				PRODUCT_BUNDLE_IDENTIFIER = com.tb.testRACDemo;
				PRODUCT_NAME = "$(TARGET_NAME)";
			};
			name = Release;
		};
/* End XCBuildConfiguration section */

/* Begin XCConfigurationList section */
		33778C971DEE9A7B000CB73D /* Build configuration list for PBXProject "testRACDemo" */ = {
			isa = XCConfigurationList;
			buildConfigurations = (
				33778CB11DEE9A7B000CB73D /* Debug */,
				33778CB21DEE9A7B000CB73D /* Release */,
			);
			defaultConfigurationIsVisible = 0;
			defaultConfigurationName = Release;
		};
		33778CB31DEE9A7B000CB73D /* Build configuration list for PBXNativeTarget "testRACDemo" */ = {
			isa = XCConfigurationList;
			buildConfigurations = (
				33778CB41DEE9A7B000CB73D /* Debug */,
				33778CB51DEE9A7B000CB73D /* Release */,
			);
			defaultConfigurationIsVisible = 0;
			defaultConfigurationName = Release;
		};
/* End XCConfigurationList section */
	};
	rootObject = 33778C941DEE9A7B000CB73D /* Project object */;
}
